
Microsoft Visual Studio Solution File, Format Version 12.00
# Visual Studio Version 17
VisualStudioVersion = 17.3.32825.248
MinimumVisualStudioVersion = 10.0.40219.1
Project("{FAE04EC0-301F-11D3-BF4B-00C04F79EFBC}") = "Örnek1", "Örnek1.csproj", "{BAF86367-4CCF-4FC8-8FD4-D9CD7AE6D93F}"
EndProject
Global
	GlobalSection(SolutionConfigurationPlatforms) = preSolution
		Debug|Any CPU = Debug|Any CPU
		Release|Any CPU = Release|Any CPU
	EndGlobalSection
	GlobalSection(ProjectConfigurationPlatforms) = postSolution
		{BAF86367-4CCF-4FC8-8FD4-D9CD7AE6D93F}.Debug|Any CPU.ActiveCfg = Debug|Any CPU
		{BAF86367-4CCF-4FC8-8FD4-D9CD7AE6D93F}.Debug|Any CPU.Build.0 = Debug|Any CPU
		{BAF86367-4CCF-4FC8-8FD4-D9CD7AE6D93F}.Release|Any CPU.ActiveCfg = Release|Any CPU
		{BAF86367-4CCF-4FC8-8FD4-D9CD7AE6D93F}.Release|Any CPU.Build.0 = Release|Any CPU
	EndGlobalSection
	GlobalSection(SolutionProperties) = preSolution
		HideSolutionNode = FALSE
	EndGlobalSection
	GlobalSection(ExtensibilityGlobals) = postSolution
		SolutionGuid = {011A9FC3-7D56-450B-B098-4461D6BE9661}
	EndGlobalSection
EndGlobal
